anyio==4.14.1
certifi==2026.6.17
h11==0.16.0
httpcore==1.0.9
httpx==0.28.1
idna==3.18
iniconfig==2.3.0
packaging==26.2
pluggy==1.6.0
pyaes==1.6.1
pyasn1==0.6.4
Pygments==2.20.0
Pyrogram==2.0.106
PySocks==1.7.1
pytest==9.1.1
python-dotenv==1.2.2
rsa==4.9.1
ruff==0.15.21
Telethon==1.44.0
typing_extensions==4.16.0
uvloop==0.22.1
websocket-client==1.9.0
